<?xml version="1.0" encoding="utf-8"?>
<Project ToolsVersion="4.0" xmlns="http://schemas.microsoft.com/developer/msbuild/2003">
  <ItemGroup>
    <Filter Include="Source Files">
      <UniqueIdentifier>{4FC737F1-C7A5-4376-A066-2A32D752A2FF}</UniqueIdentifier>
      <Extensions>cpp;c;cc;cxx;def;odl;idl;hpj;bat;asm;asmx</Extensions>
    </Filter>
    <Filter Include="Header Files">
      <UniqueIdentifier>{93995380-89BD-4b04-88EB-625FBE52EBFB}</UniqueIdentifier>
      <Extensions>h;hh;hpp;hxx;hm;inl;inc;xsd</Extensions>
    </Filter>
    <Filter Include="Resource Files">
      <UniqueIdentifier>{67DA6AB6-F800-4c08-8B7A-83BB121AAD01}</UniqueIdentifier>
      <Extensions>rc;ico;cur;bmp;dlg;rc2;rct;bin;rgs;gif;jpg;jpeg;jpe;resx;tiff;tif;png;wav;mfcribbon-ms</Extensions>
    </Filter>
    <Filter Include="gEngine">
      <UniqueIdentifier>{80693082-4d2f-42e4-a20f-8f732024ce00}</UniqueIdentifier>
    </Filter>
    <Filter Include="gEngine\System">
      <UniqueIdentifier>{3f6ce5a6-88de-445e-a686-d7f81a4e9496}</UniqueIdentifier>
    </Filter>
    <Filter Include="gEngine\System\Threads">
      <UniqueIdentifier>{4807596b-d2cb-40af-91af-41043dff2e88}</UniqueIdentifier>
    </Filter>
    <Filter Include="gEngine\System\Logging">
      <UniqueIdentifier>{0ff72e8f-b5c9-4c47-b226-e6c4da0188ba}</UniqueIdentifier>
    </Filter>
  </ItemGroup>
  <ItemGroup>
    <ClCompile Include="main.cpp">
      <Filter>Source Files</Filter>
    </ClCompile>
    <ClCompile Include="..\..\..\gEngine\System\Threads\gThreadPool.cpp">
      <Filter>gEngine\System\Threads</Filter>
    </ClCompile>
    <ClCompile Include="..\..\..\gEngine\System\Logging\gLogger.cpp">
      <Filter>gEngine\System\Logging</Filter>
    </ClCompile>
  </ItemGroup>
  <ItemGroup>
    <ClInclude Include="..\..\..\gEngine\System\Threads\gThreadPool.h">
      <Filter>gEngine\System\Threads</Filter>
    </ClInclude>
    <ClInclude Include="..\..\..\gEngine\System\Logging\gLogger.h">
      <Filter>gEngine\System\Logging</Filter>
    </ClInclude>
    <ClInclude Include="..\..\..\gEngine\Useful.h">
      <Filter>gEngine</Filter>
    </ClInclude>
  </ItemGroup>
</Project>