<?xml version="1.0" encoding="utf-8"?>
<Project ToolsVersion="4.0" xmlns="http://schemas.microsoft.com/developer/msbuild/2003">
  <ItemGroup>
    <Filter Include="Source Files">
      <UniqueIdentifier>{4FC737F1-C7A5-4376-A066-2A32D752A2FF}</UniqueIdentifier>
      <Extensions>cpp;c;cc;cxx;def;odl;idl;hpj;bat;asm;asmx</Extensions>
    </Filter>
    <Filter Include="Header Files">
      <UniqueIdentifier>{93995380-89BD-4b04-88EB-625FBE52EBFB}</UniqueIdentifier>
      <Extensions>h;hh;hpp;hxx;hm;inl;inc;xsd</Extensions>
    </Filter>
    <Filter Include="Resource Files">
      <UniqueIdentifier>{67DA6AB6-F800-4c08-8B7A-83BB121AAD01}</UniqueIdentifier>
      <Extensions>rc;ico;cur;bmp;dlg;rc2;rct;bin;rgs;gif;jpg;jpeg;jpe;resx;tiff;tif;png;wav;mfcribbon-ms</Extensions>
    </Filter>
    <Filter Include="gEngine">
      <UniqueIdentifier>{6c6a8d23-3a54-49bc-928b-170b09291896}</UniqueIdentifier>
    </Filter>
    <Filter Include="gEngine\System">
      <UniqueIdentifier>{c7db0205-3dba-4d86-8549-cb73df93a197}</UniqueIdentifier>
    </Filter>
    <Filter Include="gEngine\System\Logging">
      <UniqueIdentifier>{3166ee25-cd54-42eb-8ccc-c5deeabeaae5}</UniqueIdentifier>
    </Filter>
  </ItemGroup>
  <ItemGroup>
    <ClCompile Include="main.cpp">
      <Filter>Source Files</Filter>
    </ClCompile>
    <ClCompile Include="..\..\..\gEngine\System\Logging\gLogger.cpp">
      <Filter>gEngine\System\Logging</Filter>
    </ClCompile>
  </ItemGroup>
  <ItemGroup>
    <ClInclude Include="..\..\..\gEngine\System\gLoopTimer.h">
      <Filter>gEngine\System</Filter>
    </ClInclude>
    <ClInclude Include="..\..\..\gEngine\Useful.h">
      <Filter>gEngine</Filter>
    </ClInclude>
    <ClInclude Include="..\..\..\gEngine\System\Logging\gLogger.h">
      <Filter>gEngine\System\Logging</Filter>
    </ClInclude>
  </ItemGroup>
</Project>